// !$*UTF8*$!
{
	archiveVersion = 1;
	classes = {
	};
	objectVersion = 56;
	objects = {

/* Begin PBXBuildFile section */
		C71A786A2C08F8DB006859B3 /* AppDelegate.swift in Sources */ = {isa = PBXBuildFile; fileRef = C71A78692C08F8DB006859B3 /* AppDelegate.swift */; };
		C71A786C2C08F8DB006859B3 /* SceneDelegate.swift in Sources */ = {isa = PBXBuildFile; fileRef = C71A786B2C08F8DB006859B3 /* SceneDelegate.swift */; };
		C71A786E2C08F8DB006859B3 /* ViewController.swift in Sources */ = {isa = PBXBuildFile; fileRef = C71A786D2C08F8DB006859B3 /* ViewController.swift */; };
		C71A78712C08F8DC006859B3 /* Base in Resources */ = {isa = PBXBuildFile; fileRef = C71A78702C08F8DC006859B3 /* Base */; };
		C71A78732C08F8DC006859B3 /* Assets.xcassets in Resources */ = {isa = PBXBuildFile; fileRef = C71A78722C08F8DC006859B3 /* Assets.xcassets */; };
		C71A78762C08F8DC006859B3 /* Base in Resources */ = {isa = PBXBuildFile; fileRef = C71A78752C08F8DC006859B3 /* Base */; };
		C71A78812C08F8DD006859B3 /* WatchWiseTests.swift in Sources */ = {isa = PBXBuildFile; fileRef = C71A78802C08F8DD006859B3 /* WatchWiseTests.swift */; };
		C71A788B2C08F8DD006859B3 /* WatchWiseUITests.swift in Sources */ = {isa = PBXBuildFile; fileRef = C71A788A2C08F8DD006859B3 /* WatchWiseUITests.swift */; };
		C71A788D2C08F8DD006859B3 /* WatchWiseUITestsLaunchTests.swift in Sources */ = {isa = PBXBuildFile; fileRef = C71A788C2C08F8DD006859B3 /* WatchWiseUITestsLaunchTests.swift */; };
		C71A789A2C08F978006859B3 /* GoogleService-Info.plist in Resources */ = {isa = PBXBuildFile; fileRef = C71A78992C08F978006859B3 /* GoogleService-Info.plist */; };
		C71A789D2C08FB51006859B3 /* FirebaseAnalytics in Frameworks */ = {isa = PBXBuildFile; productRef = C71A789C2C08FB51006859B3 /* FirebaseAnalytics */; };
		C71A789F2C08FB51006859B3 /* FirebaseAnalyticsOnDeviceConversion in Frameworks */ = {isa = PBXBuildFile; productRef = C71A789E2C08FB51006859B3 /* FirebaseAnalyticsOnDeviceConversion */; };
		C71A78A12C08FB51006859B3 /* FirebaseAnalyticsSwift in Frameworks */ = {isa = PBXBuildFile; productRef = C71A78A02C08FB51006859B3 /* FirebaseAnalyticsSwift */; };
		C71A78A32C08FB51006859B3 /* FirebaseAppCheck in Frameworks */ = {isa = PBXBuildFile; productRef = C71A78A22C08FB51006859B3 /* FirebaseAppCheck */; };
/* End PBXBuildFile section */

/* Begin PBXContainerItemProxy section */
		C71A787D2C08F8DD006859B3 /* PBXContainerItemProxy */ = {
			isa = PBXContainerItemProxy;
			containerPortal = C71A785E2C08F8DB006859B3 /* Project object */;
			proxyType = 1;
			remoteGlobalIDString = C71A78652C08F8DB006859B3;
			remoteInfo = WatchWise;
		};
		C71A78872C08F8DD006859B3 /* PBXContainerItemProxy */ = {
			isa = PBXContainerItemProxy;
			containerPortal = C71A785E2C08F8DB006859B3 /* Project object */;
			proxyType = 1;
			remoteGlobalIDString = C71A78652C08F8DB006859B3;
			remoteInfo = WatchWise;
		};
/* End PBXContainerItemProxy section */

/* Begin PBXFileReference section */
		C71A78662C08F8DB006859B3 /* WatchWise.app */ = {isa = PBXFileReference; explicitFileType = wrapper.application; includeInIndex = 0; path = WatchWise.app; sourceTree = BUILT_PRODUCTS_DIR; };
		C71A78692C08F8DB006859B3 /* AppDelegate.swift */ = {isa = PBXFileReference; lastKnownFileType = sourcecode.swift; path = AppDelegate.swift; sourceTree = "<group>"; };
		C71A786B2C08F8DB006859B3 /* SceneDelegate.swift */ = {isa = PBXFileReference; lastKnownFileType = sourcecode.swift; path = SceneDelegate.swift; sourceTree = "<group>"; };
		C71A786D2C08F8DB006859B3 /* ViewController.swift */ = {isa = PBXFileReference; lastKnownFileType = sourcecode.swift; path = ViewController.swift; sourceTree = "<group>"; };
		C71A78702C08F8DC006859B3 /* Base */ = {isa = PBXFileReference; lastKnownFileType = file.storyboard; name = Base; path = Base.lproj/Main.storyboard; sourceTree = "<group>"; };
		C71A78722C08F8DC006859B3 /* Assets.xcassets */ = {isa = PBXFileReference; lastKnownFileType = folder.assetcatalog; path = Assets.xcassets; sourceTree = "<group>"; };
		C71A78752C08F8DC006859B3 /* Base */ = {isa = PBXFileReference; lastKnownFileType = file.storyboard; name = Base; path = Base.lproj/LaunchScreen.storyboard; sourceTree = "<group>"; };
		C71A78772C08F8DC006859B3 /* Info.plist */ = {isa = PBXFileReference; lastKnownFileType = text.plist.xml; path = Info.plist; sourceTree = "<group>"; };
		C71A787C2C08F8DD006859B3 /* WatchWiseTests.xctest */ = {isa = PBXFileReference; explicitFileType = wrapper.cfbundle; includeInIndex = 0; path = WatchWiseTests.xctest; sourceTree = BUILT_PRODUCTS_DIR; };
		C71A78802C08F8DD006859B3 /* WatchWiseTests.swift */ = {isa = PBXFileReference; lastKnownFileType = sourcecode.swift; path = WatchWiseTests.swift; sourceTree = "<group>"; };
		C71A78862C08F8DD006859B3 /* WatchWiseUITests.xctest */ = {isa = PBXFileReference; explicitFileType = wrapper.cfbundle; includeInIndex = 0; path = WatchWiseUITests.xctest; sourceTree = BUILT_PRODUCTS_DIR; };
		C71A788A2C08F8DD006859B3 /* WatchWiseUITests.swift */ = {isa = PBXFileReference; lastKnownFileType = sourcecode.swift; path = WatchWiseUITests.swift; sourceTree = "<group>"; };
		C71A788C2C08F8DD006859B3 /* WatchWiseUITestsLaunchTests.swift */ = {isa = PBXFileReference; lastKnownFileType = sourcecode.swift; path = WatchWiseUITestsLaunchTests.swift; sourceTree = "<group>"; };
		C71A78992C08F978006859B3 /* GoogleService-Info.plist */ = {isa = PBXFileReference; fileEncoding = 4; lastKnownFileType = text.plist.xml; path = "GoogleService-Info.plist"; sourceTree = "<group>"; };
/* End PBXFileReference section */

/* Begin PBXFrameworksBuildPhase section */
		C71A78632C08F8DB006859B3 /* Frameworks */ = {
			isa = PBXFrameworksBuildPhase;
			buildActionMask = 2147483647;
			files = (
				C71A78A32C08FB51006859B3 /* FirebaseAppCheck in Frameworks */,
				C71A78A12C08FB51006859B3 /* FirebaseAnalyticsSwift in Frameworks */,
				C71A789D2C08FB51006859B3 /* FirebaseAnalytics in Frameworks */,
				C71A789F2C08FB51006859B3 /* FirebaseAnalyticsOnDeviceConversion in Frameworks */,
			);
			runOnlyForDeploymentPostprocessing = 0;
		};
		C71A78792C08F8DD006859B3 /* Frameworks */ = {
			isa = PBXFrameworksBuildPhase;
			buildActionMask = 2147483647;
			files = (
			);
			runOnlyForDeploymentPostprocessing = 0;
		};
		C71A78832C08F8DD006859B3 /* Frameworks */ = {
			isa = PBXFrameworksBuildPhase;
			buildActionMask = 2147483647;
			files = (
			);
			runOnlyForDeploymentPostprocessing = 0;
		};
/* End PBXFrameworksBuildPhase section */

/* Begin PBXGroup section */
		C71A785D2C08F8DB006859B3 = {
			isa = PBXGroup;
			children = (
				C71A78682C08F8DB006859B3 /* WatchWise */,
				C71A787F2C08F8DD006859B3 /* WatchWiseTests */,
				C71A78892C08F8DD006859B3 /* WatchWiseUITests */,
				C71A78672C08F8DB006859B3 /* Products */,
			);
			sourceTree = "<group>";
		};
		C71A78672C08F8DB006859B3 /* Products */ = {
			isa = PBXGroup;
			children = (
				C71A78662C08F8DB006859B3 /* WatchWise.app */,
				C71A787C2C08F8DD006859B3 /* WatchWiseTests.xctest */,
				C71A78862C08F8DD006859B3 /* WatchWiseUITests.xctest */,
			);
			name = Products;
			sourceTree = "<group>";
		};
		C71A78682C08F8DB006859B3 /* WatchWise */ = {
			isa = PBXGroup;
			children = (
				C71A78692C08F8DB006859B3 /* AppDelegate.swift */,
				C71A786B2C08F8DB006859B3 /* SceneDelegate.swift */,
				C71A786D2C08F8DB006859B3 /* ViewController.swift */,
				C71A786F2C08F8DC006859B3 /* Main.storyboard */,
				C71A78722C08F8DC006859B3 /* Assets.xcassets */,
				C71A78742C08F8DC006859B3 /* LaunchScreen.storyboard */,
				C71A78772C08F8DC006859B3 /* Info.plist */,
				C71A78992C08F978006859B3 /* GoogleService-Info.plist */,
			);
			path = WatchWise;
			sourceTree = "<group>";
		};
		C71A787F2C08F8DD006859B3 /* WatchWiseTests */ = {
			isa = PBXGroup;
			children = (
				C71A78802C08F8DD006859B3 /* WatchWiseTests.swift */,
			);
			path = WatchWiseTests;
			sourceTree = "<group>";
		};
		C71A78892C08F8DD006859B3 /* WatchWiseUITests */ = {
			isa = PBXGroup;
			children = (
				C71A788A2C08F8DD006859B3 /* WatchWiseUITests.swift */,
				C71A788C2C08F8DD006859B3 /* WatchWiseUITestsLaunchTests.swift */,
			);
			path = WatchWiseUITests;
			sourceTree = "<group>";
		};
/* End PBXGroup section */

/* Begin PBXNativeTarget section */
		C71A78652C08F8DB006859B3 /* WatchWise */ = {
			isa = PBXNativeTarget;
			buildConfigurationList = C71A78902C08F8DD006859B3 /* Build configuration list for PBXNativeTarget "WatchWise" */;
			buildPhases = (
				C71A78622C08F8DB006859B3 /* Sources */,
				C71A78632C08F8DB006859B3 /* Frameworks */,
				C71A78642C08F8DB006859B3 /* Resources */,
			);
			buildRules = (
			);
			dependencies = (
			);
			name = WatchWise;
			packageProductDependencies = (
				C71A789C2C08FB51006859B3 /* FirebaseAnalytics */,
				C71A789E2C08FB51006859B3 /* FirebaseAnalyticsOnDeviceConversion */,
				C71A78A02C08FB51006859B3 /* FirebaseAnalyticsSwift */,
				C71A78A22C08FB51006859B3 /* FirebaseAppCheck */,
			);
			productName = WatchWise;
			productReference = C71A78662C08F8DB006859B3 /* WatchWise.app */;
			productType = "com.apple.product-type.application";
		};
		C71A787B2C08F8DD006859B3 /* WatchWiseTests */ = {
			isa = PBXNativeTarget;
			buildConfigurationList = C71A78932C08F8DD006859B3 /* Build configuration list for PBXNativeTarget "WatchWiseTests" */;
			buildPhases = (
				C71A78782C08F8DD006859B3 /* Sources */,
				C71A78792C08F8DD006859B3 /* Frameworks */,
				C71A787A2C08F8DD006859B3 /* Resources */,
			);
			buildRules = (
			);
			dependencies = (
				C71A787E2C08F8DD006859B3 /* PBXTargetDependency */,
			);
			name = WatchWiseTests;
			productName = WatchWiseTests;
			productReference = C71A787C2C08F8DD006859B3 /* WatchWiseTests.xctest */;
			productType = "com.apple.product-type.bundle.unit-test";
		};
		C71A78852C08F8DD006859B3 /* WatchWiseUITests */ = {
			isa = PBXNativeTarget;
			buildConfigurationList = C71A78962C08F8DD006859B3 /* Build configuration list for PBXNativeTarget "WatchWiseUITests" */;
			buildPhases = (
				C71A78822C08F8DD006859B3 /* Sources */,
				C71A78832C08F8DD006859B3 /* Frameworks */,
				C71A78842C08F8DD006859B3 /* Resources */,
			);
			buildRules = (
			);
			dependencies = (
				C71A78882C08F8DD006859B3 /* PBXTargetDependency */,
			);
			name = WatchWiseUITests;
			productName = WatchWiseUITests;
			productReference = C71A78862C08F8DD006859B3 /* WatchWiseUITests.xctest */;
			productType = "com.apple.product-type.bundle.ui-testing";
		};
/* End PBXNativeTarget section */

/* Begin PBXProject section */
		C71A785E2C08F8DB006859B3 /* Project object */ = {
			isa = PBXProject;
			attributes = {
				BuildIndependentTargetsInParallel = 1;
				LastSwiftUpdateCheck = 1540;
				LastUpgradeCheck = 1540;
				TargetAttributes = {
					C71A78652C08F8DB006859B3 = {
						CreatedOnToolsVersion = 15.4;
					};
					C71A787B2C08F8DD006859B3 = {
						CreatedOnToolsVersion = 15.4;
						TestTargetID = C71A78652C08F8DB006859B3;
					};
					C71A78852C08F8DD006859B3 = {
						CreatedOnToolsVersion = 15.4;
						TestTargetID = C71A78652C08F8DB006859B3;
					};
				};
			};
			buildConfigurationList = C71A78612C08F8DB006859B3 /* Build configuration list for PBXProject "WatchWise" */;
			compatibilityVersion = "Xcode 14.0";
			developmentRegion = en;
			hasScannedForEncodings = 0;
			knownRegions = (
				en,
				Base,
			);
			mainGroup = C71A785D2C08F8DB006859B3;
			packageReferences = (
				C71A789B2C08FB51006859B3 /* XCRemoteSwiftPackageReference "firebase-ios-sdk" */,
			);
			productRefGroup = C71A78672C08F8DB006859B3 /* Products */;
			projectDirPath = "";
			projectRoot = "";
			targets = (
				C71A78652C08F8DB006859B3 /* WatchWise */,
				C71A787B2C08F8DD006859B3 /* WatchWiseTests */,
				C71A78852C08F8DD006859B3 /* WatchWiseUITests */,
			);
		};
/* End PBXProject section */

/* Begin PBXResourcesBuildPhase section */
		C71A78642C08F8DB006859B3 /* Resources */ = {
			isa = PBXResourcesBuildPhase;
			buildActionMask = 2147483647;
			files = (
				C71A78732C08F8DC006859B3 /* Assets.xcassets in Resources */,
				C71A789A2C08F978006859B3 /* GoogleService-Info.plist in Resources */,
				C71A78762C08F8DC006859B3 /* Base in Resources */,
				C71A78712C08F8DC006859B3 /* Base in Resources */,
			);
			runOnlyForDeploymentPostprocessing = 0;
		};
		C71A787A2C08F8DD006859B3 /* Resources */ = {
			isa = PBXResourcesBuildPhase;
			buildActionMask = 2147483647;
			files = (
			);
			runOnlyForDeploymentPostprocessing = 0;
		};
		C71A78842C08F8DD006859B3 /* Resources */ = {
			isa = PBXResourcesBuildPhase;
			buildActionMask = 2147483647;
			files = (
			);
			runOnlyForDeploymentPostprocessing = 0;
		};
/* End PBXResourcesBuildPhase section */

/* Begin PBXSourcesBuildPhase section */
		C71A78622C08F8DB006859B3 /* Sources */ = {
			isa = PBXSourcesBuildPhase;
			buildActionMask = 2147483647;
			files = (
				C71A786E2C08F8DB006859B3 /* ViewController.swift in Sources */,
				C71A786A2C08F8DB006859B3 /* AppDelegate.swift in Sources */,
				C71A786C2C08F8DB006859B3 /* SceneDelegate.swift in Sources */,
			);
			runOnlyForDeploymentPostprocessing = 0;
		};
		C71A78782C08F8DD006859B3 /* Sources */ = {
			isa = PBXSourcesBuildPhase;
			buildActionMask = 2147483647;
			files = (
				C71A78812C08F8DD006859B3 /* WatchWiseTests.swift in Sources */,
			);
			runOnlyForDeploymentPostprocessing = 0;
		};
		C71A78822C08F8DD006859B3 /* Sources */ = {
			isa = PBXSourcesBuildPhase;
			buildActionMask = 2147483647;
			files = (
				C71A788D2C08F8DD006859B3 /* WatchWiseUITestsLaunchTests.swift in Sources */,
				C71A788B2C08F8DD006859B3 /* WatchWiseUITests.swift in Sources */,
			);
			runOnlyForDeploymentPostprocessing = 0;
		};
/* End PBXSourcesBuildPhase section */

/* Begin PBXTargetDependency section */
		C71A787E2C08F8DD006859B3 /* PBXTargetDependency */ = {
			isa = PBXTargetDependency;
			target = C71A78652C08F8DB006859B3 /* WatchWise */;
			targetProxy = C71A787D2C08F8DD006859B3 /* PBXContainerItemProxy */;
		};
		C71A78882C08F8DD006859B3 /* PBXTargetDependency */ = {
			isa = PBXTargetDependency;
			target = C71A78652C08F8DB006859B3 /* WatchWise */;
			targetProxy = C71A78872C08F8DD006859B3 /* PBXContainerItemProxy */;
		};
/* End PBXTargetDependency section */

/* Begin PBXVariantGroup section */
		C71A786F2C08F8DC006859B3 /* Main.storyboard */ = {
			isa = PBXVariantGroup;
			children = (
				C71A78702C08F8DC006859B3 /* Base */,
			);
			name = Main.storyboard;
			sourceTree = "<group>";
		};
		C71A78742C08F8DC006859B3 /* LaunchScreen.storyboard */ = {
			isa = PBXVariantGroup;
			children = (
				C71A78752C08F8DC006859B3 /* Base */,
			);
			name = LaunchScreen.storyboard;
			sourceTree = "<group>";
		};
/* End PBXVariantGroup section */

/* Begin XCBuildConfiguration section */
		C71A788E2C08F8DD006859B3 /* Debug */ = {
			isa = XCBuildConfiguration;
			buildSettings = {
				ALWAYS_SEARCH_USER_PATHS = NO;
				ASSETCATALOG_COMPILER_GENERATE_SWIFT_ASSET_SYMBOL_EXTENSIONS = YES;
				CLANG_ANALYZER_NONNULL = YES;
				CLANG_ANALYZER_NUMBER_OBJECT_CONVERSION = YES_AGGRESSIVE;
				CLANG_CXX_LANGUAGE_STANDARD = "gnu++20";
				CLANG_ENABLE_MODULES = YES;
				CLANG_ENABLE_OBJC_ARC = YES;
				CLANG_ENABLE_OBJC_WEAK = YES;
				CLANG_WARN_BLOCK_CAPTURE_AUTORELEASING = YES;
				CLANG_WARN_BOOL_CONVERSION = YES;
				CLANG_WARN_COMMA = YES;
				CLANG_WARN_CONSTANT_CONVERSION = YES;
				CLANG_WARN_DEPRECATED_OBJC_IMPLEMENTATIONS = YES;
				CLANG_WARN_DIRECT_OBJC_ISA_USAGE = YES_ERROR;
				CLANG_WARN_DOCUMENTATION_COMMENTS = YES;
				CLANG_WARN_EMPTY_BODY = YES;
				CLANG_WARN_ENUM_CONVERSION = YES;
				CLANG_WARN_INFINITE_RECURSION = YES;
				CLANG_WARN_INT_CONVERSION = YES;
				CLANG_WARN_NON_LITERAL_NULL_CONVERSION = YES;
				CLANG_WARN_OBJC_IMPLICIT_RETAIN_SELF = YES;
				CLANG_WARN_OBJC_LITERAL_CONVERSION = YES;
				CLANG_WARN_OBJC_ROOT_CLASS = YES_ERROR;
				CLANG_WARN_QUOTED_INCLUDE_IN_FRAMEWORK_HEADER = YES;
				CLANG_WARN_RANGE_LOOP_ANALYSIS = YES;
				CLANG_WARN_STRICT_PROTOTYPES = YES;
				CLANG_WARN_SUSPICIOUS_MOVE = YES;
				CLANG_WARN_UNGUARDED_AVAILABILITY = YES_AGGRESSIVE;
				CLANG_WARN_UNREACHABLE_CODE = YES;
				CLANG_WARN__DUPLICATE_METHOD_MATCH = YES;
				COPY_PHASE_STRIP = NO;
				DEBUG_INFORMATION_FORMAT = dwarf;
				ENABLE_STRICT_OBJC_MSGSEND = YES;
				ENABLE_TESTABILITY = YES;
				ENABLE_USER_SCRIPT_SANDBOXING = YES;
				GCC_C_LANGUAGE_STANDARD = gnu17;
				GCC_DYNAMIC_NO_PIC = NO;
				GCC_NO_COMMON_BLOCKS = YES;
				GCC_OPTIMIZATION_LEVEL = 0;
				GCC_PREPROCESSOR_DEFINITIONS = (
					"DEBUG=1",
					"$(inherited)",
				);
				GCC_WARN_64_TO_32_BIT_CONVERSION = YES;
				GCC_WARN_ABOUT_RETURN_TYPE = YES_ERROR;
				GCC_WARN_UNDECLARED_SELECTOR = YES;
				GCC_WARN_UNINITIALIZED_AUTOS = YES_AGGRESSIVE;
				GCC_WARN_UNUSED_FUNCTION = YES;
				GCC_WARN_UNUSED_VARIABLE = YES;
				IPHONEOS_DEPLOYMENT_TARGET = 17.5;
				LOCALIZATION_PREFERS_STRING_CATALOGS = YES;
				MTL_ENABLE_DEBUG_INFO = INCLUDE_SOURCE;
				MTL_FAST_MATH = YES;
				ONLY_ACTIVE_ARCH = YES;
				SDKROOT = iphoneos;
				SWIFT_ACTIVE_COMPILATION_CONDITIONS = "DEBUG $(inherited)";
				SWIFT_OPTIMIZATION_LEVEL = "-Onone";
			};
			name = Debug;
		};
		C71A788F2C08F8DD006859B3 /* Release */ = {
			isa = XCBuildConfiguration;
			buildSettings = {
				ALWAYS_SEARCH_USER_PATHS = NO;
				ASSETCATALOG_COMPILER_GENERATE_SWIFT_ASSET_SYMBOL_EXTENSIONS = YES;
				CLANG_ANALYZER_NONNULL = YES;
				CLANG_ANALYZER_NUMBER_OBJECT_CONVERSION = YES_AGGRESSIVE;
				CLANG_CXX_LANGUAGE_STANDARD = "gnu++20";
				CLANG_ENABLE_MODULES = YES;
				CLANG_ENABLE_OBJC_ARC = YES;
				CLANG_ENABLE_OBJC_WEAK = YES;
				CLANG_WARN_BLOCK_CAPTURE_AUTORELEASING = YES;
				CLANG_WARN_BOOL_CONVERSION = YES;
				CLANG_WARN_COMMA = YES;
				CLANG_WARN_CONSTANT_CONVERSION = YES;
				CLANG_WARN_DEPRECATED_OBJC_IMPLEMENTATIONS = YES;
				CLANG_WARN_DIRECT_OBJC_ISA_USAGE = YES_ERROR;
				CLANG_WARN_DOCUMENTATION_COMMENTS = YES;
				CLANG_WARN_EMPTY_BODY = YES;
				CLANG_WARN_ENUM_CONVERSION = YES;
				CLANG_WARN_INFINITE_RECURSION = YES;
				CLANG_WARN_INT_CONVERSION = YES;
				CLANG_WARN_NON_LITERAL_NULL_CONVERSION = YES;
				CLANG_WARN_OBJC_IMPLICIT_RETAIN_SELF = YES;
				CLANG_WARN_OBJC_LITERAL_CONVERSION = YES;
				CLANG_WARN_OBJC_ROOT_CLASS = YES_ERROR;
				CLANG_WARN_QUOTED_INCLUDE_IN_FRAMEWORK_HEADER = YES;
				CLANG_WARN_RANGE_LOOP_ANALYSIS = YES;
				CLANG_WARN_STRICT_PROTOTYPES = YES;
				CLANG_WARN_SUSPICIOUS_MOVE = YES;
				CLANG_WARN_UNGUARDED_AVAILABILITY = YES_AGGRESSIVE;
				CLANG_WARN_UNREACHABLE_CODE = YES;
				CLANG_WARN__DUPLICATE_METHOD_MATCH = YES;
				COPY_PHASE_STRIP = NO;
				DEBUG_INFORMATION_FORMAT = "dwarf-with-dsym";
				ENABLE_NS_ASSERTIONS = NO;
				ENABLE_STRICT_OBJC_MSGSEND = YES;
				ENABLE_USER_SCRIPT_SANDBOXING = YES;
				GCC_C_LANGUAGE_STANDARD = gnu17;
				GCC_NO_COMMON_BLOCKS = YES;
				GCC_WARN_64_TO_32_BIT_CONVERSION = YES;
				GCC_WARN_ABOUT_RETURN_TYPE = YES_ERROR;
				GCC_WARN_UNDECLARED_SELECTOR = YES;
				GCC_WARN_UNINITIALIZED_AUTOS = YES_AGGRESSIVE;
				GCC_WARN_UNUSED_FUNCTION = YES;
				GCC_WARN_UNUSED_VARIABLE = YES;
				IPHONEOS_DEPLOYMENT_TARGET = 17.5;
				LOCALIZATION_PREFERS_STRING_CATALOGS = YES;
				MTL_ENABLE_DEBUG_INFO = NO;
				MTL_FAST_MATH = YES;
				SDKROOT = iphoneos;
				SWIFT_COMPILATION_MODE = wholemodule;
				VALIDATE_PRODUCT = YES;
			};
			name = Release;
		};
		C71A78912C08F8DD006859B3 /* Debug */ = {
			isa = XCBuildConfiguration;
			buildSettings = {
				ASSETCATALOG_COMPILER_APPICON_NAME = AppIcon;
				ASSETCATALOG_COMPILER_GLOBAL_ACCENT_COLOR_NAME = AccentColor;
				CODE_SIGN_STYLE = Automatic;
				CURRENT_PROJECT_VERSION = 1;
				DEVELOPMENT_TEAM = 2D25YZNJAC;
				GENERATE_INFOPLIST_FILE = YES;
				INFOPLIST_FILE = WatchWise/Info.plist;
				INFOPLIST_KEY_LSApplicationCategoryType = "public.app-category.lifestyle";
				INFOPLIST_KEY_UIApplicationSupportsIndirectInputEvents = YES;
				INFOPLIST_KEY_UILaunchStoryboardName = LaunchScreen;
				INFOPLIST_KEY_UIMainStoryboardFile = Main;
				INFOPLIST_KEY_UISupportedInterfaceOrientations = UIInterfaceOrientationPortrait;
				LD_RUNPATH_SEARCH_PATHS = (
					"$(inherited)",
					"@executable_path/Frameworks",
				);
				MARKETING_VERSION = 1.0;
				PRODUCT_BUNDLE_IDENTIFIER = WatchWise.WatchWise;
				PRODUCT_NAME = "$(TARGET_NAME)";
				SUPPORTED_PLATFORMS = "iphoneos iphonesimulator";
				SUPPORTS_MACCATALYST = NO;
				SUPPORTS_MAC_DESIGNED_FOR_IPHONE_IPAD = NO;
				SUPPORTS_XR_DESIGNED_FOR_IPHONE_IPAD = NO;
				SWIFT_EMIT_LOC_STRINGS = YES;
				SWIFT_VERSION = 5.0;
				TARGETED_DEVICE_FAMILY = 1;
			};
			name = Debug;
		};
		C71A78922C08F8DD006859B3 /* Release */ = {
			isa = XCBuildConfiguration;
			buildSettings = {
				ASSETCATALOG_COMPILER_APPICON_NAME = AppIcon;
				ASSETCATALOG_COMPILER_GLOBAL_ACCENT_COLOR_NAME = AccentColor;
				CODE_SIGN_STYLE = Automatic;
				CURRENT_PROJECT_VERSION = 1;
				DEVELOPMENT_TEAM = 2D25YZNJAC;
				GENERATE_INFOPLIST_FILE = YES;
				INFOPLIST_FILE = WatchWise/Info.plist;
				INFOPLIST_KEY_LSApplicationCategoryType = "public.app-category.lifestyle";
				INFOPLIST_KEY_UIApplicationSupportsIndirectInputEvents = YES;
				INFOPLIST_KEY_UILaunchStoryboardName = LaunchScreen;
				INFOPLIST_KEY_UIMainStoryboardFile = Main;
				INFOPLIST_KEY_UISupportedInterfaceOrientations = UIInterfaceOrientationPortrait;
				LD_RUNPATH_SEARCH_PATHS = (
					"$(inherited)",
					"@executable_path/Frameworks",
				);
				MARKETING_VERSION = 1.0;
				PRODUCT_BUNDLE_IDENTIFIER = WatchWise.WatchWise;
				PRODUCT_NAME = "$(TARGET_NAME)";
				SUPPORTED_PLATFORMS = "iphoneos iphonesimulator";
				SUPPORTS_MACCATALYST = NO;
				SUPPORTS_MAC_DESIGNED_FOR_IPHONE_IPAD = NO;
				SUPPORTS_XR_DESIGNED_FOR_IPHONE_IPAD = NO;
				SWIFT_EMIT_LOC_STRINGS = YES;
				SWIFT_VERSION = 5.0;
				TARGETED_DEVICE_FAMILY = 1;
			};
			name = Release;
		};
		C71A78942C08F8DD006859B3 /* Debug */ = {
			isa = XCBuildConfiguration;
			buildSettings = {
				ALWAYS_EMBED_SWIFT_STANDARD_LIBRARIES = YES;
				BUNDLE_LOADER = "$(TEST_HOST)";
				CODE_SIGN_STYLE = Automatic;
				CURRENT_PROJECT_VERSION = 1;
				DEVELOPMENT_TEAM = 2D25YZNJAC;
				GENERATE_INFOPLIST_FILE = YES;
				IPHONEOS_DEPLOYMENT_TARGET = 17.5;
				MARKETING_VERSION = 1.0;
				PRODUCT_BUNDLE_IDENTIFIER = WatchWise.WatchWiseTests;
				PRODUCT_NAME = "$(TARGET_NAME)";
				SWIFT_EMIT_LOC_STRINGS = NO;
				SWIFT_VERSION = 5.0;
				TARGETED_DEVICE_FAMILY = "1,2";
				TEST_HOST = "$(BUILT_PRODUCTS_DIR)/WatchWise.app/$(BUNDLE_EXECUTABLE_FOLDER_PATH)/WatchWise";
			};
			name = Debug;
		};
		C71A78952C08F8DD006859B3 /* Release */ = {
			isa = XCBuildConfiguration;
			buildSettings = {
				ALWAYS_EMBED_SWIFT_STANDARD_LIBRARIES = YES;
				BUNDLE_LOADER = "$(TEST_HOST)";
				CODE_SIGN_STYLE = Automatic;
				CURRENT_PROJECT_VERSION = 1;
				DEVELOPMENT_TEAM = 2D25YZNJAC;
				GENERATE_INFOPLIST_FILE = YES;
				IPHONEOS_DEPLOYMENT_TARGET = 17.5;
				MARKETING_VERSION = 1.0;
				PRODUCT_BUNDLE_IDENTIFIER = WatchWise.WatchWiseTests;
				PRODUCT_NAME = "$(TARGET_NAME)";
				SWIFT_EMIT_LOC_STRINGS = NO;
				SWIFT_VERSION = 5.0;
				TARGETED_DEVICE_FAMILY = "1,2";
				TEST_HOST = "$(BUILT_PRODUCTS_DIR)/WatchWise.app/$(BUNDLE_EXECUTABLE_FOLDER_PATH)/WatchWise";
			};
			name = Release;
		};
		C71A78972C08F8DD006859B3 /* Debug */ = {
			isa = XCBuildConfiguration;
			buildSettings = {
				ALWAYS_EMBED_SWIFT_STANDARD_LIBRARIES = YES;
				CODE_SIGN_STYLE = Automatic;
				CURRENT_PROJECT_VERSION = 1;
				DEVELOPMENT_TEAM = 2D25YZNJAC;
				GENERATE_INFOPLIST_FILE = YES;
				MARKETING_VERSION = 1.0;
				PRODUCT_BUNDLE_IDENTIFIER = WatchWise.WatchWiseUITests;
				PRODUCT_NAME = "$(TARGET_NAME)";
				SWIFT_EMIT_LOC_STRINGS = NO;
				SWIFT_VERSION = 5.0;
				TARGETED_DEVICE_FAMILY = "1,2";
				TEST_TARGET_NAME = WatchWise;
			};
			name = Debug;
		};
		C71A78982C08F8DD006859B3 /* Release */ = {
			isa = XCBuildConfiguration;
			buildSettings = {
				ALWAYS_EMBED_SWIFT_STANDARD_LIBRARIES = YES;
				CODE_SIGN_STYLE = Automatic;
				CURRENT_PROJECT_VERSION = 1;
				DEVELOPMENT_TEAM = 2D25YZNJAC;
				GENERATE_INFOPLIST_FILE = YES;
				MARKETING_VERSION = 1.0;
				PRODUCT_BUNDLE_IDENTIFIER = WatchWise.WatchWiseUITests;
				PRODUCT_NAME = "$(TARGET_NAME)";
				SWIFT_EMIT_LOC_STRINGS = NO;
				SWIFT_VERSION = 5.0;
				TARGETED_DEVICE_FAMILY = "1,2";
				TEST_TARGET_NAME = WatchWise;
			};
			name = Release;
		};
/* End XCBuildConfiguration section */

/* Begin XCConfigurationList section */
		C71A78612C08F8DB006859B3 /* Build configuration list for PBXProject "WatchWise" */ = {
			isa = XCConfigurationList;
			buildConfigurations = (
				C71A788E2C08F8DD006859B3 /* Debug */,
				C71A788F2C08F8DD006859B3 /* Release */,
			);
			defaultConfigurationIsVisible = 0;
			defaultConfigurationName = Release;
		};
		C71A78902C08F8DD006859B3 /* Build configuration list for PBXNativeTarget "WatchWise" */ = {
			isa = XCConfigurationList;
			buildConfigurations = (
				C71A78912C08F8DD006859B3 /* Debug */,
				C71A78922C08F8DD006859B3 /* Release */,
			);
			defaultConfigurationIsVisible = 0;
			defaultConfigurationName = Release;
		};
		C71A78932C08F8DD006859B3 /* Build configuration list for PBXNativeTarget "WatchWiseTests" */ = {
			isa = XCConfigurationList;
			buildConfigurations = (
				C71A78942C08F8DD006859B3 /* Debug */,
				C71A78952C08F8DD006859B3 /* Release */,
			);
			defaultConfigurationIsVisible = 0;
			defaultConfigurationName = Release;
		};
		C71A78962C08F8DD006859B3 /* Build configuration list for PBXNativeTarget "WatchWiseUITests" */ = {
			isa = XCConfigurationList;
			buildConfigurations = (
				C71A78972C08F8DD006859B3 /* Debug */,
				C71A78982C08F8DD006859B3 /* Release */,
			);
			defaultConfigurationIsVisible = 0;
			defaultConfigurationName = Release;
		};
/* End XCConfigurationList section */

/* Begin XCRemoteSwiftPackageReference section */
		C71A789B2C08FB51006859B3 /* XCRemoteSwiftPackageReference "firebase-ios-sdk" */ = {
			isa = XCRemoteSwiftPackageReference;
			repositoryURL = "https://github.com/firebase/firebase-ios-sdk";
			requirement = {
				kind = upToNextMajorVersion;
				minimumVersion = 10.27.0;
			};
		};
/* End XCRemoteSwiftPackageReference section */

/* Begin XCSwiftPackageProductDependency section */
		C71A789C2C08FB51006859B3 /* FirebaseAnalytics */ = {
			isa = XCSwiftPackageProductDependency;
			package = C71A789B2C08FB51006859B3 /* XCRemoteSwiftPackageReference "firebase-ios-sdk" */;
			productName = FirebaseAnalytics;
		};
		C71A789E2C08FB51006859B3 /* FirebaseAnalyticsOnDeviceConversion */ = {
			isa = XCSwiftPackageProductDependency;
			package = C71A789B2C08FB51006859B3 /* XCRemoteSwiftPackageReference "firebase-ios-sdk" */;
			productName = FirebaseAnalyticsOnDeviceConversion;
		};
		C71A78A02C08FB51006859B3 /* FirebaseAnalyticsSwift */ = {
			isa = XCSwiftPackageProductDependency;
			package = C71A789B2C08FB51006859B3 /* XCRemoteSwiftPackageReference "firebase-ios-sdk" */;
			productName = FirebaseAnalyticsSwift;
		};
		C71A78A22C08FB51006859B3 /* FirebaseAppCheck */ = {
			isa = XCSwiftPackageProductDependency;
			package = C71A789B2C08FB51006859B3 /* XCRemoteSwiftPackageReference "firebase-ios-sdk" */;
			productName = FirebaseAppCheck;
		};
/* End XCSwiftPackageProductDependency section */
	};
	rootObject = C71A785E2C08F8DB006859B3 /* Project object */;
}
